Microsoft Visual Studio Solution File, Format Version 12.00
# Visual Studio Version 17
VisualStudioVersion = 17.5.2.0
MinimumVisualStudioVersion = 10.0.40219.1
Project("{FAE04EC0-301F-11D3-BF4B-00C04F79EFBC}") = "server", "server\server.csproj", "{1D659F2D-2078-674A-208B-D794A0CCFE65}"
EndProject
Project("{FAE04EC0-301F-11D3-BF4B-00C04F79EFBC}") = "server.core", "server.core\server.core.csproj", "{91AD3C0D-5A0E-460C-B3D1-D58D9833DBE7}"
EndProject
Project("{FAE04EC0-301F-11D3-BF4B-00C04F79EFBC}") = "server.tests", "tests\server.tests\server.tests.csproj", "{B82FA231-C20D-4EE0-BA76-0CF0E2015BE8}"
EndProject
Global
	GlobalSection(SolutionConfigurationPlatforms) = preSolution
		Debug|Any CPU = Debug|Any CPU
		Release|Any CPU = Release|Any CPU
	EndGlobalSection
	GlobalSection(ProjectConfigurationPlatforms) = postSolution
		{1D659F2D-2078-674A-208B-D794A0CCFE65}.Debug|Any CPU.ActiveCfg = Debug|Any CPU
		{1D659F2D-2078-674A-208B-D794A0CCFE65}.Debug|Any CPU.Build.0 = Debug|Any CPU
		{1D659F2D-2078-674A-208B-D794A0CCFE65}.Release|Any CPU.ActiveCfg = Release|Any CPU
		{1D659F2D-2078-674A-208B-D794A0CCFE65}.Release|Any CPU.Build.0 = Release|Any CPU
		{91AD3C0D-5A0E-460C-B3D1-D58D9833DBE7}.Debug|Any CPU.ActiveCfg = Debug|Any CPU
		{91AD3C0D-5A0E-460C-B3D1-D58D9833DBE7}.Debug|Any CPU.Build.0 = Debug|Any CPU
		{91AD3C0D-5A0E-460C-B3D1-D58D9833DBE7}.Release|Any CPU.ActiveCfg = Release|Any CPU
		{91AD3C0D-5A0E-460C-B3D1-D58D9833DBE7}.Release|Any CPU.Build.0 = Release|Any CPU
		{B82FA231-C20D-4EE0-BA76-0CF0E2015BE8}.Debug|Any CPU.ActiveCfg = Debug|Any CPU
		{B82FA231-C20D-4EE0-BA76-0CF0E2015BE8}.Debug|Any CPU.Build.0 = Debug|Any CPU
		{B82FA231-C20D-4EE0-BA76-0CF0E2015BE8}.Release|Any CPU.ActiveCfg = Release|Any CPU
		{B82FA231-C20D-4EE0-BA76-0CF0E2015BE8}.Release|Any CPU.Build.0 = Release|Any CPU
	EndGlobalSection
	GlobalSection(SolutionProperties) = preSolution
		HideSolutionNode = FALSE
	EndGlobalSection
	GlobalSection(ExtensibilityGlobals) = postSolution
		SolutionGuid = {520BE29B-A73B-4A2E-8435-5F89CEADA2C5}
	EndGlobalSection
EndGlobal
